
Microsoft Visual Studio Solution File, Format Version 12.00
# Visual Studio 15
VisualStudioVersion = 15.0.27703.2042
MinimumVisualStudioVersion = 10.0.40219.1
Project("{FAE04EC0-301F-11D3-BF4B-00C04F79EFBC}") = "TDD_Course", "TDD_Course\TDD_Course.csproj", "{909DE274-1A61-4D46-862D-0373CA1872D4}"
EndProject
Global
	GlobalSection(SolutionConfigurationPlatforms) = preSolution
		Debug|Any CPU = Debug|Any CPU
		Release|Any CPU = Release|Any CPU
	EndGlobalSection
	GlobalSection(ProjectConfigurationPlatforms) = postSolution
		{909DE274-1A61-4D46-862D-0373CA1872D4}.Debug|Any CPU.ActiveCfg = Debug|Any CPU
		{909DE274-1A61-4D46-862D-0373CA1872D4}.Debug|Any CPU.Build.0 = Debug|Any CPU
		{909DE274-1A61-4D46-862D-0373CA1872D4}.Release|Any CPU.ActiveCfg = Release|Any CPU
		{909DE274-1A61-4D46-862D-0373CA1872D4}.Release|Any CPU.Build.0 = Release|Any CPU
	EndGlobalSection
	GlobalSection(SolutionProperties) = preSolution
		HideSolutionNode = FALSE
	EndGlobalSection
	GlobalSection(ExtensibilityGlobals) = postSolution
		SolutionGuid = {F2C2B4D0-1872-4B60-BD22-4F00626989BA}
	EndGlobalSection
EndGlobal
